
Microsoft Visual Studio Solution File, Format Version 12.00
# Visual Studio 15
VisualStudioVersion = 15.0.27428.2015
MinimumVisualStudioVersion = 10.0.40219.1
Project("{FAE04EC0-301F-11D3-BF4B-00C04F79EFBC}") = "MongoDB.Repository", "MongoDB.Repository\MongoDB.Repository.csproj", "{F9BAD132-1654-44CF-BFC2-6C5799769C98}"
EndProject
Project("{FAE04EC0-301F-11D3-BF4B-00C04F79EFBC}") = "MongoDB.Repository.Example", "MongoDB.Repository.Example\MongoDB.Repository.Example.csproj", "{4C1D2928-1A4C-4F3A-85E1-591C03AFC0D2}"
EndProject
Project("{FAE04EC0-301F-11D3-BF4B-00C04F79EFBC}") = "MongoDB.Repository.Tests", "MongoDB.Repository.Tests\MongoDB.Repository.Tests.csproj", "{DE99E3DE-067C-468F-912D-8B6168ACFB9C}"
EndProject
Global
	GlobalSection(SolutionConfigurationPlatforms) = preSolution
		Debug|Any CPU = Debug|Any CPU
		Release|Any CPU = Release|Any CPU
	EndGlobalSection
	GlobalSection(ProjectConfigurationPlatforms) = postSolution
		{F9BAD132-1654-44CF-BFC2-6C5799769C98}.Debug|Any CPU.ActiveCfg = Debug|Any CPU
		{F9BAD132-1654-44CF-BFC2-6C5799769C98}.Debug|Any CPU.Build.0 = Debug|Any CPU
		{F9BAD132-1654-44CF-BFC2-6C5799769C98}.Release|Any CPU.ActiveCfg = Release|Any CPU
		{F9BAD132-1654-44CF-BFC2-6C5799769C98}.Release|Any CPU.Build.0 = Release|Any CPU
		{4C1D2928-1A4C-4F3A-85E1-591C03AFC0D2}.Debug|Any CPU.ActiveCfg = Debug|Any CPU
		{4C1D2928-1A4C-4F3A-85E1-591C03AFC0D2}.Debug|Any CPU.Build.0 = Debug|Any CPU
		{4C1D2928-1A4C-4F3A-85E1-591C03AFC0D2}.Release|Any CPU.ActiveCfg = Release|Any CPU
		{4C1D2928-1A4C-4F3A-85E1-591C03AFC0D2}.Release|Any CPU.Build.0 = Release|Any CPU
		{DE99E3DE-067C-468F-912D-8B6168ACFB9C}.Debug|Any CPU.ActiveCfg = Debug|Any CPU
		{DE99E3DE-067C-468F-912D-8B6168ACFB9C}.Debug|Any CPU.Build.0 = Debug|Any CPU
		{DE99E3DE-067C-468F-912D-8B6168ACFB9C}.Release|Any CPU.ActiveCfg = Release|Any CPU
		{DE99E3DE-067C-468F-912D-8B6168ACFB9C}.Release|Any CPU.Build.0 = Release|Any CPU
	EndGlobalSection
	GlobalSection(SolutionProperties) = preSolution
		HideSolutionNode = FALSE
	EndGlobalSection
	GlobalSection(ExtensibilityGlobals) = postSolution
		SolutionGuid = {A406F357-3503-4762-85DB-567984D1BCEE}
	EndGlobalSection
EndGlobal
